# THIS IS AN AUTOGENERATED FILE. DO NOT EDIT THIS FILE DIRECTLY.
# yarn lockfile v1


"@types/node@^10.14.15":
  version "10.14.15"
  resolved "https://registry.yarnpkg.com/@types/node/-/node-10.14.15.tgz#e8f7729b631be1b02ae130ff0b61f3e018000640"
  integrity sha512-CBR5avlLcu0YCILJiDIXeU2pTw7UK/NIxfC63m7d7CVamho1qDEzXKkOtEauQRPMy6MI8mLozth+JJkas7HY6g==

"@types/vscode@^1.30.0":
  version "1.37.0"
  resolved "https://registry.yarnpkg.com/@types/vscode/-/vscode-1.37.0.tgz#fb26ffabfabcd50ba70e8b454122a91b84548080"
  integrity sha512-PRfeuqYuzk3vjf+puzxltIUWC+AhEGYpFX29/37w30DQSQnpf5AgMVf7GDBAdmTbWTBou+EMFz/Ne6XCM/KxzQ==

typescript@^3.5.3:
  version "3.5.3"
  resolved "https://registry.yarnpkg.com/typescript/-/typescript-3.5.3.tgz#c830f657f93f1ea846819e929092f5fe5983e977"
  integrity sha512-ACzBtm/PhXBDId6a6sDJfroT2pOWt/oOnk4/dElG5G33ZL776N3Y6/6bKZJBFpd+b05F3Ct9qDjMeJmRWtE2/g==
